
Microsoft Visual Studio Solution File, Format Version 12.00
# Visual Studio Version 16
VisualStudioVersion = 16.0.30804.86
MinimumVisualStudioVersion = 10.0.40219.1
Project("{FAE04EC0-301F-11D3-BF4B-00C04F79EFBC}") = "jeudontestleheros.Web.UI", "jeudontestleheros.Web.UI\jeudontestleheros.Web.UI.csproj", "{15FD4071-6C56-4FE2-BF90-3D903FF0415C}"
EndProject
Global
	GlobalSection(SolutionConfigurationPlatforms) = preSolution
		Debug|Any CPU = Debug|Any CPU
		Release|Any CPU = Release|Any CPU
	EndGlobalSection
	GlobalSection(ProjectConfigurationPlatforms) = postSolution
		{15FD4071-6C56-4FE2-BF90-3D903FF0415C}.Debug|Any CPU.ActiveCfg = Debug|Any CPU
		{15FD4071-6C56-4FE2-BF90-3D903FF0415C}.Debug|Any CPU.Build.0 = Debug|Any CPU
		{15FD4071-6C56-4FE2-BF90-3D903FF0415C}.Release|Any CPU.ActiveCfg = Release|Any CPU
		{15FD4071-6C56-4FE2-BF90-3D903FF0415C}.Release|Any CPU.Build.0 = Release|Any CPU
	EndGlobalSection
	GlobalSection(SolutionProperties) = preSolution
		HideSolutionNode = FALSE
	EndGlobalSection
	GlobalSection(ExtensibilityGlobals) = postSolution
		SolutionGuid = {52BE6B54-C4AB-4CB2-BA97-EAE9528C756A}
	EndGlobalSection
EndGlobal
